// !$*UTF8*$!
{
	archiveVersion = 1;
	classes = {
	};
	objectVersion = 46;
	objects = {

/* Begin PBXBuildFile section */
		BC3AA0631F005D5100EF1D99 /* AppDelegate.swift in Sources */ = {isa = PBXBuildFile; fileRef = BC3AA0621F005D5100EF1D99 /* AppDelegate.swift */; };
		BC3AA0651F005D5100EF1D99 /* ViewController.swift in Sources */ = {isa = PBXBuildFile; fileRef = BC3AA0641F005D5100EF1D99 /* ViewController.swift */; };
		BC3AA0681F005D5100EF1D99 /* Main.storyboard in Resources */ = {isa = PBXBuildFile; fileRef = BC3AA0661F005D5100EF1D99 /* Main.storyboard */; };
		BC3AA06A1F005D5100EF1D99 /* Assets.xcassets in Resources */ = {isa = PBXBuildFile; fileRef = BC3AA0691F005D5100EF1D99 /* Assets.xcassets */; };
		BC3AA06D1F005D5100EF1D99 /* LaunchScreen.storyboard in Resources */ = {isa = PBXBuildFile; fileRef = BC3AA06B1F005D5100EF1D99 /* LaunchScreen.storyboard */; };
		BC3AA0781F005D5200EF1D99 /* TicTacToeTests.swift in Sources */ = {isa = PBXBuildFile; fileRef = BC3AA0771F005D5200EF1D99 /* TicTacToeTests.swift */; };
		BC3AA0831F005D5200EF1D99 /* TicTacToeUITests.swift in Sources */ = {isa = PBXBuildFile; fileRef = BC3AA0821F005D5200EF1D99 /* TicTacToeUITests.swift */; };
/* End PBXBuildFile section */

/* Begin PBXContainerItemProxy section */
		BC3AA0741F005D5200EF1D99 /* PBXContainerItemProxy */ = {
			isa = PBXContainerItemProxy;
			containerPortal = BC3AA0571F005D5100EF1D99 /* Project object */;
			proxyType = 1;
			remoteGlobalIDString = BC3AA05E1F005D5100EF1D99;
			remoteInfo = TicTacToe;
		};
		BC3AA07F1F005D5200EF1D99 /* PBXContainerItemProxy */ = {
			isa = PBXContainerItemProxy;
			containerPortal = BC3AA0571F005D5100EF1D99 /* Project object */;
			proxyType = 1;
			remoteGlobalIDString = BC3AA05E1F005D5100EF1D99;
			remoteInfo = TicTacToe;
		};
/* End PBXContainerItemProxy section */

/* Begin PBXFileReference section */
		BC3AA05F1F005D5100EF1D99 /* TicTacToe.app */ = {isa = PBXFileReference; explicitFileType = wrapper.application; includeInIndex = 0; path = TicTacToe.app; sourceTree = BUILT_PRODUCTS_DIR; };
		BC3AA0621F005D5100EF1D99 /* AppDelegate.swift */ = {isa = PBXFileReference; lastKnownFileType = sourcecode.swift; path = AppDelegate.swift; sourceTree = "<group>"; };
		BC3AA0641F005D5100EF1D99 /* ViewController.swift */ = {isa = PBXFileReference; lastKnownFileType = sourcecode.swift; path = ViewController.swift; sourceTree = "<group>"; };
		BC3AA0671F005D5100EF1D99 /* Base */ = {isa = PBXFileReference; lastKnownFileType = file.storyboard; name = Base; path = Base.lproj/Main.storyboard; sourceTree = "<group>"; };
		BC3AA0691F005D5100EF1D99 /* Assets.xcassets */ = {isa = PBXFileReference; lastKnownFileType = folder.assetcatalog; path = Assets.xcassets; sourceTree = "<group>"; };
		BC3AA06C1F005D5100EF1D99 /* Base */ = {isa = PBXFileReference; lastKnownFileType = file.storyboard; name = Base; path = Base.lproj/LaunchScreen.storyboard; sourceTree = "<group>"; };
		BC3AA06E1F005D5100EF1D99 /* Info.plist */ = {isa = PBXFileReference; lastKnownFileType = text.plist.xml; path = Info.plist; sourceTree = "<group>"; };
		BC3AA0731F005D5200EF1D99 /* TicTacToeTests.xctest */ = {isa = PBXFileReference; explicitFileType = wrapper.cfbundle; includeInIndex = 0; path = TicTacToeTests.xctest; sourceTree = BUILT_PRODUCTS_DIR; };
		BC3AA0771F005D5200EF1D99 /* TicTacToeTests.swift */ = {isa = PBXFileReference; lastKnownFileType = sourcecode.swift; path = TicTacToeTests.swift; sourceTree = "<group>"; };
		BC3AA0791F005D5200EF1D99 /* Info.plist */ = {isa = PBXFileReference; lastKnownFileType = text.plist.xml; path = Info.plist; sourceTree = "<group>"; };
		BC3AA07E1F005D5200EF1D99 /* TicTacToeUITests.xctest */ = {isa = PBXFileReference; explicitFileType = wrapper.cfbundle; includeInIndex = 0; path = TicTacToeUITests.xctest; sourceTree = BUILT_PRODUCTS_DIR; };
		BC3AA0821F005D5200EF1D99 /* TicTacToeUITests.swift */ = {isa = PBXFileReference; lastKnownFileType = sourcecode.swift; path = TicTacToeUITests.swift; sourceTree = "<group>"; };
		BC3AA0841F005D5200EF1D99 /* Info.plist */ = {isa = PBXFileReference; lastKnownFileType = text.plist.xml; path = Info.plist; sourceTree = "<group>"; };
/* End PBXFileReference section */

/* Begin PBXFrameworksBuildPhase section */
		BC3AA05C1F005D5100EF1D99 /* Frameworks */ = {
			isa = PBXFrameworksBuildPhase;
			buildActionMask = 2147483647;
			files = (
			);
			runOnlyForDeploymentPostprocessing = 0;
		};
		BC3AA0701F005D5200EF1D99 /* Frameworks */ = {
			isa = PBXFrameworksBuildPhase;
			buildActionMask = 2147483647;
			files = (
			);
			runOnlyForDeploymentPostprocessing = 0;
		};
		BC3AA07B1F005D5200EF1D99 /* Frameworks */ = {
			isa = PBXFrameworksBuildPhase;
			buildActionMask = 2147483647;
			files = (
			);
			runOnlyForDeploymentPostprocessing = 0;
		};
/* End PBXFrameworksBuildPhase section */

/* Begin PBXGroup section */
		BC3AA0561F005D5100EF1D99 = {
			isa = PBXGroup;
			children = (
				BC3AA0611F005D5100EF1D99 /* TicTacToe */,
				BC3AA0761F005D5200EF1D99 /* TicTacToeTests */,
				BC3AA0811F005D5200EF1D99 /* TicTacToeUITests */,
				BC3AA0601F005D5100EF1D99 /* Products */,
			);
			sourceTree = "<group>";
		};
		BC3AA0601F005D5100EF1D99 /* Products */ = {
			isa = PBXGroup;
			children = (
				BC3AA05F1F005D5100EF1D99 /* TicTacToe.app */,
				BC3AA0731F005D5200EF1D99 /* TicTacToeTests.xctest */,
				BC3AA07E1F005D5200EF1D99 /* TicTacToeUITests.xctest */,
			);
			name = Products;
			sourceTree = "<group>";
		};
		BC3AA0611F005D5100EF1D99 /* TicTacToe */ = {
			isa = PBXGroup;
			children = (
				BC3AA0621F005D5100EF1D99 /* AppDelegate.swift */,
				BC3AA0641F005D5100EF1D99 /* ViewController.swift */,
				BC3AA0661F005D5100EF1D99 /* Main.storyboard */,
				BC3AA0691F005D5100EF1D99 /* Assets.xcassets */,
				BC3AA06B1F005D5100EF1D99 /* LaunchScreen.storyboard */,
				BC3AA06E1F005D5100EF1D99 /* Info.plist */,
			);
			path = TicTacToe;
			sourceTree = "<group>";
		};
		BC3AA0761F005D5200EF1D99 /* TicTacToeTests */ = {
			isa = PBXGroup;
			children = (
				BC3AA0771F005D5200EF1D99 /* TicTacToeTests.swift */,
				BC3AA0791F005D5200EF1D99 /* Info.plist */,
			);
			path = TicTacToeTests;
			sourceTree = "<group>";
		};
		BC3AA0811F005D5200EF1D99 /* TicTacToeUITests */ = {
			isa = PBXGroup;
			children = (
				BC3AA0821F005D5200EF1D99 /* TicTacToeUITests.swift */,
				BC3AA0841F005D5200EF1D99 /* Info.plist */,
			);
			path = TicTacToeUITests;
			sourceTree = "<group>";
		};
/* End PBXGroup section */

/* Begin PBXNativeTarget section */
		BC3AA05E1F005D5100EF1D99 /* TicTacToe */ = {
			isa = PBXNativeTarget;
			buildConfigurationList = BC3AA0871F005D5200EF1D99 /* Build configuration list for PBXNativeTarget "TicTacToe" */;
			buildPhases = (
				BC3AA05B1F005D5100EF1D99 /* Sources */,
				BC3AA05C1F005D5100EF1D99 /* Frameworks */,
				BC3AA05D1F005D5100EF1D99 /* Resources */,
			);
			buildRules = (
			);
			dependencies = (
			);
			name = TicTacToe;
			productName = TicTacToe;
			productReference = BC3AA05F1F005D5100EF1D99 /* TicTacToe.app */;
			productType = "com.apple.product-type.application";
		};
		BC3AA0721F005D5200EF1D99 /* TicTacToeTests */ = {
			isa = PBXNativeTarget;
			buildConfigurationList = BC3AA08A1F005D5200EF1D99 /* Build configuration list for PBXNativeTarget "TicTacToeTests" */;
			buildPhases = (
				BC3AA06F1F005D5200EF1D99 /* Sources */,
				BC3AA0701F005D5200EF1D99 /* Frameworks */,
				BC3AA0711F005D5200EF1D99 /* Resources */,
			);
			buildRules = (
			);
			dependencies = (
				BC3AA0751F005D5200EF1D99 /* PBXTargetDependency */,
			);
			name = TicTacToeTests;
			productName = TicTacToeTests;
			productReference = BC3AA0731F005D5200EF1D99 /* TicTacToeTests.xctest */;
			productType = "com.apple.product-type.bundle.unit-test";
		};
		BC3AA07D1F005D5200EF1D99 /* TicTacToeUITests */ = {
			isa = PBXNativeTarget;
			buildConfigurationList = BC3AA08D1F005D5200EF1D99 /* Build configuration list for PBXNativeTarget "TicTacToeUITests" */;
			buildPhases = (
				BC3AA07A1F005D5200EF1D99 /* Sources */,
				BC3AA07B1F005D5200EF1D99 /* Frameworks */,
				BC3AA07C1F005D5200EF1D99 /* Resources */,
			);
			buildRules = (
			);
			dependencies = (
				BC3AA0801F005D5200EF1D99 /* PBXTargetDependency */,
			);
			name = TicTacToeUITests;
			productName = TicTacToeUITests;
			productReference = BC3AA07E1F005D5200EF1D99 /* TicTacToeUITests.xctest */;
			productType = "com.apple.product-type.bundle.ui-testing";
		};
/* End PBXNativeTarget section */

/* Begin PBXProject section */
		BC3AA0571F005D5100EF1D99 /* Project object */ = {
			isa = PBXProject;
			attributes = {
				LastSwiftUpdateCheck = 0830;
				LastUpgradeCheck = 0830;
				ORGANIZATIONNAME = "Ian Kirson";
				TargetAttributes = {
					BC3AA05E1F005D5100EF1D99 = {
						CreatedOnToolsVersion = 8.3.3;
						ProvisioningStyle = Automatic;
					};
					BC3AA0721F005D5200EF1D99 = {
						CreatedOnToolsVersion = 8.3.3;
						ProvisioningStyle = Automatic;
						TestTargetID = BC3AA05E1F005D5100EF1D99;
					};
					BC3AA07D1F005D5200EF1D99 = {
						CreatedOnToolsVersion = 8.3.3;
						ProvisioningStyle = Automatic;
						TestTargetID = BC3AA05E1F005D5100EF1D99;
					};
				};
			};
			buildConfigurationList = BC3AA05A1F005D5100EF1D99 /* Build configuration list for PBXProject "TicTacToe" */;
			compatibilityVersion = "Xcode 3.2";
			developmentRegion = English;
			hasScannedForEncodings = 0;
			knownRegions = (
				en,
				Base,
			);
			mainGroup = BC3AA0561F005D5100EF1D99;
			productRefGroup = BC3AA0601F005D5100EF1D99 /* Products */;
			projectDirPath = "";
			projectRoot = "";
			targets = (
				BC3AA05E1F005D5100EF1D99 /* TicTacToe */,
				BC3AA0721F005D5200EF1D99 /* TicTacToeTests */,
				BC3AA07D1F005D5200EF1D99 /* TicTacToeUITests */,
			);
		};
/* End PBXProject section */

/* Begin PBXResourcesBuildPhase section */
		BC3AA05D1F005D5100EF1D99 /* Resources */ = {
			isa = PBXResourcesBuildPhase;
			buildActionMask = 2147483647;
			files = (
				BC3AA06D1F005D5100EF1D99 /* LaunchScreen.storyboard in Resources */,
				BC3AA06A1F005D5100EF1D99 /* Assets.xcassets in Resources */,
				BC3AA0681F005D5100EF1D99 /* Main.storyboard in Resources */,
			);
			runOnlyForDeploymentPostprocessing = 0;
		};
		BC3AA0711F005D5200EF1D99 /* Resources */ = {
			isa = PBXResourcesBuildPhase;
			buildActionMask = 2147483647;
			files = (
			);
			runOnlyForDeploymentPostprocessing = 0;
		};
		BC3AA07C1F005D5200EF1D99 /* Resources */ = {
			isa = PBXResourcesBuildPhase;
			buildActionMask = 2147483647;
			files = (
			);
			runOnlyForDeploymentPostprocessing = 0;
		};
/* End PBXResourcesBuildPhase section */

/* Begin PBXSourcesBuildPhase section */
		BC3AA05B1F005D5100EF1D99 /* Sources */ = {
			isa = PBXSourcesBuildPhase;
			buildActionMask = 2147483647;
			files = (
				BC3AA0651F005D5100EF1D99 /* ViewController.swift in Sources */,
				BC3AA0631F005D5100EF1D99 /* AppDelegate.swift in Sources */,
			);
			runOnlyForDeploymentPostprocessing = 0;
		};
		BC3AA06F1F005D5200EF1D99 /* Sources */ = {
			isa = PBXSourcesBuildPhase;
			buildActionMask = 2147483647;
			files = (
				BC3AA0781F005D5200EF1D99 /* TicTacToeTests.swift in Sources */,
			);
			runOnlyForDeploymentPostprocessing = 0;
		};
		BC3AA07A1F005D5200EF1D99 /* Sources */ = {
			isa = PBXSourcesBuildPhase;
			buildActionMask = 2147483647;
			files = (
				BC3AA0831F005D5200EF1D99 /* TicTacToeUITests.swift in Sources */,
			);
			runOnlyForDeploymentPostprocessing = 0;
		};
/* End PBXSourcesBuildPhase section */

/* Begin PBXTargetDependency section */
		BC3AA0751F005D5200EF1D99 /* PBXTargetDependency */ = {
			isa = PBXTargetDependency;
			target = BC3AA05E1F005D5100EF1D99 /* TicTacToe */;
			targetProxy = BC3AA0741F005D5200EF1D99 /* PBXContainerItemProxy */;
		};
		BC3AA0801F005D5200EF1D99 /* PBXTargetDependency */ = {
			isa = PBXTargetDependency;
			target = BC3AA05E1F005D5100EF1D99 /* TicTacToe */;
			targetProxy = BC3AA07F1F005D5200EF1D99 /* PBXContainerItemProxy */;
		};
/* End PBXTargetDependency section */

/* Begin PBXVariantGroup section */
		BC3AA0661F005D5100EF1D99 /* Main.storyboard */ = {
			isa = PBXVariantGroup;
			children = (
				BC3AA0671F005D5100EF1D99 /* Base */,
			);
			name = Main.storyboard;
			sourceTree = "<group>";
		};
		BC3AA06B1F005D5100EF1D99 /* LaunchScreen.storyboard */ = {
			isa = PBXVariantGroup;
			children = (
				BC3AA06C1F005D5100EF1D99 /* Base */,
			);
			name = LaunchScreen.storyboard;
			sourceTree = "<group>";
		};
/* End PBXVariantGroup section */

/* Begin XCBuildConfiguration section */
		BC3AA0851F005D5200EF1D99 /* Debug */ = {
			isa = XCBuildConfiguration;
			buildSettings = {
				ALWAYS_SEARCH_USER_PATHS = NO;
				CLANG_ANALYZER_NONNULL = YES;
				CLANG_ANALYZER_NUMBER_OBJECT_CONVERSION = YES_AGGRESSIVE;
				CLANG_CXX_LANGUAGE_STANDARD = "gnu++0x";
				CLANG_CXX_LIBRARY = "libc++";
				CLANG_ENABLE_MODULES = YES;
				CLANG_ENABLE_OBJC_ARC = YES;
				CLANG_WARN_BOOL_CONVERSION = YES;
				CLANG_WARN_CONSTANT_CONVERSION = YES;
				CLANG_WARN_DIRECT_OBJC_ISA_USAGE = YES_ERROR;
				CLANG_WARN_DOCUMENTATION_COMMENTS = YES;
				CLANG_WARN_EMPTY_BODY = YES;
				CLANG_WARN_ENUM_CONVERSION = YES;
				CLANG_WARN_INFINITE_RECURSION = YES;
				CLANG_WARN_INT_CONVERSION = YES;
				CLANG_WARN_OBJC_ROOT_CLASS = YES_ERROR;
				CLANG_WARN_SUSPICIOUS_MOVE = YES;
				CLANG_WARN_UNREACHABLE_CODE = YES;
				CLANG_WARN__DUPLICATE_METHOD_MATCH = YES;
				"CODE_SIGN_IDENTITY[sdk=iphoneos*]" = "iPhone Developer";
				COPY_PHASE_STRIP = NO;
				DEBUG_INFORMATION_FORMAT = dwarf;
				ENABLE_STRICT_OBJC_MSGSEND = YES;
				ENABLE_TESTABILITY = YES;
				GCC_C_LANGUAGE_STANDARD = gnu99;
				GCC_DYNAMIC_NO_PIC = NO;
				GCC_NO_COMMON_BLOCKS = YES;
				GCC_OPTIMIZATION_LEVEL = 0;
				GCC_PREPROCESSOR_DEFINITIONS = (
					"DEBUG=1",
					"$(inherited)",
				);
				GCC_WARN_64_TO_32_BIT_CONVERSION = YES;
				GCC_WARN_ABOUT_RETURN_TYPE = YES_ERROR;
				GCC_WARN_UNDECLARED_SELECTOR = YES;
				GCC_WARN_UNINITIALIZED_AUTOS = YES_AGGRESSIVE;
				GCC_WARN_UNUSED_FUNCTION = YES;
				GCC_WARN_UNUSED_VARIABLE = YES;
				IPHONEOS_DEPLOYMENT_TARGET = 10.3;
				MTL_ENABLE_DEBUG_INFO = YES;
				ONLY_ACTIVE_ARCH = YES;
				SDKROOT = iphoneos;
				SWIFT_ACTIVE_COMPILATION_CONDITIONS = DEBUG;
				SWIFT_OPTIMIZATION_LEVEL = "-Onone";
				TARGETED_DEVICE_FAMILY = "1,2";
			};
			name = Debug;
		};
		BC3AA0861F005D5200EF1D99 /* Release */ = {
			isa = XCBuildConfiguration;
			buildSettings = {
				ALWAYS_SEARCH_USER_PATHS = NO;
				CLANG_ANALYZER_NONNULL = YES;
				CLANG_ANALYZER_NUMBER_OBJECT_CONVERSION = YES_AGGRESSIVE;
				CLANG_CXX_LANGUAGE_STANDARD = "gnu++0x";
				CLANG_CXX_LIBRARY = "libc++";
				CLANG_ENABLE_MODULES = YES;
				CLANG_ENABLE_OBJC_ARC = YES;
				CLANG_WARN_BOOL_CONVERSION = YES;
				CLANG_WARN_CONSTANT_CONVERSION = YES;
				CLANG_WARN_DIRECT_OBJC_ISA_USAGE = YES_ERROR;
				CLANG_WARN_DOCUMENTATION_COMMENTS = YES;
				CLANG_WARN_EMPTY_BODY = YES;
				CLANG_WARN_ENUM_CONVERSION = YES;
				CLANG_WARN_INFINITE_RECURSION = YES;
				CLANG_WARN_INT_CONVERSION = YES;
				CLANG_WARN_OBJC_ROOT_CLASS = YES_ERROR;
				CLANG_WARN_SUSPICIOUS_MOVE = YES;
				CLANG_WARN_UNREACHABLE_CODE = YES;
				CLANG_WARN__DUPLICATE_METHOD_MATCH = YES;
				"CODE_SIGN_IDENTITY[sdk=iphoneos*]" = "iPhone Developer";
				COPY_PHASE_STRIP = NO;
				DEBUG_INFORMATION_FORMAT = "dwarf-with-dsym";
				ENABLE_NS_ASSERTIONS = NO;
				ENABLE_STRICT_OBJC_MSGSEND = YES;
				GCC_C_LANGUAGE_STANDARD = gnu99;
				GCC_NO_COMMON_BLOCKS = YES;
				GCC_WARN_64_TO_32_BIT_CONVERSION = YES;
				GCC_WARN_ABOUT_RETURN_TYPE = YES_ERROR;
				GCC_WARN_UNDECLARED_SELECTOR = YES;
				GCC_WARN_UNINITIALIZED_AUTOS = YES_AGGRESSIVE;
				GCC_WARN_UNUSED_FUNCTION = YES;
				GCC_WARN_UNUSED_VARIABLE = YES;
				IPHONEOS_DEPLOYMENT_TARGET = 10.3;
				MTL_ENABLE_DEBUG_INFO = NO;
				SDKROOT = iphoneos;
				SWIFT_OPTIMIZATION_LEVEL = "-Owholemodule";
				TARGETED_DEVICE_FAMILY = "1,2";
				VALIDATE_PRODUCT = YES;
			};
			name = Release;
		};
		BC3AA0881F005D5200EF1D99 /* Debug */ = {
			isa = XCBuildConfiguration;
			buildSettings = {
				ASSETCATALOG_COMPILER_APPICON_NAME = AppIcon;
				INFOPLIST_FILE = TicTacToe/Info.plist;
				LD_RUNPATH_SEARCH_PATHS = "$(inherited) @executable_path/Frameworks";
				PRODUCT_BUNDLE_IDENTIFIER = IK.TicTacToe;
				PRODUCT_NAME = "$(TARGET_NAME)";
				SWIFT_VERSION = 3.0;
			};
			name = Debug;
		};
		BC3AA0891F005D5200EF1D99 /* Release */ = {
			isa = XCBuildConfiguration;
			buildSettings = {
				ASSETCATALOG_COMPILER_APPICON_NAME = AppIcon;
				INFOPLIST_FILE = TicTacToe/Info.plist;
				LD_RUNPATH_SEARCH_PATHS = "$(inherited) @executable_path/Frameworks";
				PRODUCT_BUNDLE_IDENTIFIER = IK.TicTacToe;
				PRODUCT_NAME = "$(TARGET_NAME)";
				SWIFT_VERSION = 3.0;
			};
			name = Release;
		};
		BC3AA08B1F005D5200EF1D99 /* Debug */ = {
			isa = XCBuildConfiguration;
			buildSettings = {
				ALWAYS_EMBED_SWIFT_STANDARD_LIBRARIES = YES;
				BUNDLE_LOADER = "$(TEST_HOST)";
				INFOPLIST_FILE = TicTacToeTests/Info.plist;
				LD_RUNPATH_SEARCH_PATHS = "$(inherited) @executable_path/Frameworks @loader_path/Frameworks";
				PRODUCT_BUNDLE_IDENTIFIER = IK.TicTacToeTests;
				PRODUCT_NAME = "$(TARGET_NAME)";
				SWIFT_VERSION = 3.0;
				TEST_HOST = "$(BUILT_PRODUCTS_DIR)/TicTacToe.app/TicTacToe";
			};
			name = Debug;
		};
		BC3AA08C1F005D5200EF1D99 /* Release */ = {
			isa = XCBuildConfiguration;
			buildSettings = {
				ALWAYS_EMBED_SWIFT_STANDARD_LIBRARIES = YES;
				BUNDLE_LOADER = "$(TEST_HOST)";
				INFOPLIST_FILE = TicTacToeTests/Info.plist;
				LD_RUNPATH_SEARCH_PATHS = "$(inherited) @executable_path/Frameworks @loader_path/Frameworks";
				PRODUCT_BUNDLE_IDENTIFIER = IK.TicTacToeTests;
				PRODUCT_NAME = "$(TARGET_NAME)";
				SWIFT_VERSION = 3.0;
				TEST_HOST = "$(BUILT_PRODUCTS_DIR)/TicTacToe.app/TicTacToe";
			};
			name = Release;
		};
		BC3AA08E1F005D5200EF1D99 /* Debug */ = {
			isa = XCBuildConfiguration;
			buildSettings = {
				ALWAYS_EMBED_SWIFT_STANDARD_LIBRARIES = YES;
				INFOPLIST_FILE = TicTacToeUITests/Info.plist;
				LD_RUNPATH_SEARCH_PATHS = "$(inherited) @executable_path/Frameworks @loader_path/Frameworks";
				PRODUCT_BUNDLE_IDENTIFIER = IK.TicTacToeUITests;
				PRODUCT_NAME = "$(TARGET_NAME)";
				SWIFT_VERSION = 3.0;
				TEST_TARGET_NAME = TicTacToe;
			};
			name = Debug;
		};
		BC3AA08F1F005D5200EF1D99 /* Release */ = {
			isa = XCBuildConfiguration;
			buildSettings = {
				ALWAYS_EMBED_SWIFT_STANDARD_LIBRARIES = YES;
				INFOPLIST_FILE = TicTacToeUITests/Info.plist;
				LD_RUNPATH_SEARCH_PATHS = "$(inherited) @executable_path/Frameworks @loader_path/Frameworks";
				PRODUCT_BUNDLE_IDENTIFIER = IK.TicTacToeUITests;
				PRODUCT_NAME = "$(TARGET_NAME)";
				SWIFT_VERSION = 3.0;
				TEST_TARGET_NAME = TicTacToe;
			};
			name = Release;
		};
/* End XCBuildConfiguration section */

/* Begin XCConfigurationList section */
		BC3AA05A1F005D5100EF1D99 /* Build configuration list for PBXProject "TicTacToe" */ = {
			isa = XCConfigurationList;
			buildConfigurations = (
				BC3AA0851F005D5200EF1D99 /* Debug */,
				BC3AA0861F005D5200EF1D99 /* Release */,
			);
			defaultConfigurationIsVisible = 0;
			defaultConfigurationName = Release;
		};
		BC3AA0871F005D5200EF1D99 /* Build configuration list for PBXNativeTarget "TicTacToe" */ = {
			isa = XCConfigurationList;
			buildConfigurations = (
				BC3AA0881F005D5200EF1D99 /* Debug */,
				BC3AA0891F005D5200EF1D99 /* Release */,
			);
			defaultConfigurationIsVisible = 0;
		};
		BC3AA08A1F005D5200EF1D99 /* Build configuration list for PBXNativeTarget "TicTacToeTests" */ = {
			isa = XCConfigurationList;
			buildConfigurations = (
				BC3AA08B1F005D5200EF1D99 /* Debug */,
				BC3AA08C1F005D5200EF1D99 /* Release */,
			);
			defaultConfigurationIsVisible = 0;
		};
		BC3AA08D1F005D5200EF1D99 /* Build configuration list for PBXNativeTarget "TicTacToeUITests" */ = {
			isa = XCConfigurationList;
			buildConfigurations = (
				BC3AA08E1F005D5200EF1D99 /* Debug */,
				BC3AA08F1F005D5200EF1D99 /* Release */,
			);
			defaultConfigurationIsVisible = 0;
		};
/* End XCConfigurationList section */
	};
	rootObject = BC3AA0571F005D5100EF1D99 /* Project object */;
}
